// !$*UTF8*$!
{
	archiveVersion = 1;
	classes = {
	};
	objectVersion = 46;
	objects = {

/* Begin PBXBuildFile section */
		0570C6591ED66BEA0034019C /* HabitManagerTests.swift in Sources */ = {isa = PBXBuildFile; fileRef = 0570C6581ED66BEA0034019C /* HabitManagerTests.swift */; };
		0570C6651ED694590034019C /* AddHabitVCTests.swift in Sources */ = {isa = PBXBuildFile; fileRef = 0570C6641ED694590034019C /* AddHabitVCTests.swift */; };
		401BE9DD1EA5CF9D00831D67 /* AddHabitVC.swift in Sources */ = {isa = PBXBuildFile; fileRef = 401BE9DC1EA5CF9D00831D67 /* AddHabitVC.swift */; };
		40232D921EAB0CB9004E0478 /* CustomCell.swift in Sources */ = {isa = PBXBuildFile; fileRef = 40232D911EAB0CB9004E0478 /* CustomCell.swift */; };
		402401181ED865010065960F /* Launch Screen.storyboard in Resources */ = {isa = PBXBuildFile; fileRef = 402401171ED865010065960F /* Launch Screen.storyboard */; };
		40C986511EA5AF36003D2D73 /* AppDelegate.swift in Sources */ = {isa = PBXBuildFile; fileRef = 40C986501EA5AF36003D2D73 /* AppDelegate.swift */; };
		40C986531EA5AF36003D2D73 /* ViewController.swift in Sources */ = {isa = PBXBuildFile; fileRef = 40C986521EA5AF36003D2D73 /* ViewController.swift */; };
		40C986561EA5AF36003D2D73 /* Main.storyboard in Resources */ = {isa = PBXBuildFile; fileRef = 40C986541EA5AF36003D2D73 /* Main.storyboard */; };
		40C986581EA5AF36003D2D73 /* Assets.xcassets in Resources */ = {isa = PBXBuildFile; fileRef = 40C986571EA5AF36003D2D73 /* Assets.xcassets */; };
		5BB947571F64D8B300EF5482 /* CLibrary.cpp in Sources */ = {isa = PBXBuildFile; fileRef = 5BB947551F64D8B300EF5482 /* CLibrary.cpp */; };
/* End PBXBuildFile section */

/* Begin PBXContainerItemProxy section */
		0570C65B1ED66BEA0034019C /* PBXContainerItemProxy */ = {
			isa = PBXContainerItemProxy;
			containerPortal = 40C986451EA5AF36003D2D73 /* Project object */;
			proxyType = 1;
			remoteGlobalIDString = 40C9864C1EA5AF36003D2D73;
			remoteInfo = HabitManager;
		};
/* End PBXContainerItemProxy section */

/* Begin PBXFileReference section */
		0570C6561ED66BEA0034019C /* HabitManagerTests.xctest */ = {isa = PBXFileReference; explicitFileType = wrapper.cfbundle; includeInIndex = 0; path = HabitManagerTests.xctest; sourceTree = BUILT_PRODUCTS_DIR; };
		0570C6581ED66BEA0034019C /* HabitManagerTests.swift */ = {isa = PBXFileReference; lastKnownFileType = sourcecode.swift; path = HabitManagerTests.swift; sourceTree = "<group>"; };
		0570C65A1ED66BEA0034019C /* Info.plist */ = {isa = PBXFileReference; lastKnownFileType = text.plist.xml; path = Info.plist; sourceTree = "<group>"; };
		0570C6641ED694590034019C /* AddHabitVCTests.swift */ = {isa = PBXFileReference; fileEncoding = 4; lastKnownFileType = sourcecode.swift; path = AddHabitVCTests.swift; sourceTree = "<group>"; };
		401BE9DC1EA5CF9D00831D67 /* AddHabitVC.swift */ = {isa = PBXFileReference; fileEncoding = 4; lastKnownFileType = sourcecode.swift; path = AddHabitVC.swift; sourceTree = "<group>"; };
		40232D911EAB0CB9004E0478 /* CustomCell.swift */ = {isa = PBXFileReference; fileEncoding = 4; lastKnownFileType = sourcecode.swift; path = CustomCell.swift; sourceTree = "<group>"; };
		402401171ED865010065960F /* Launch Screen.storyboard */ = {isa = PBXFileReference; fileEncoding = 4; lastKnownFileType = file.storyboard; name = "Launch Screen.storyboard"; path = "../Launch Screen.storyboard"; sourceTree = "<group>"; };
		40C9864D1EA5AF36003D2D73 /* HabitManager.app */ = {isa = PBXFileReference; explicitFileType = wrapper.application; includeInIndex = 0; path = HabitManager.app; sourceTree = BUILT_PRODUCTS_DIR; };
		40C986501EA5AF36003D2D73 /* AppDelegate.swift */ = {isa = PBXFileReference; lastKnownFileType = sourcecode.swift; path = AppDelegate.swift; sourceTree = "<group>"; };
		40C986521EA5AF36003D2D73 /* ViewController.swift */ = {isa = PBXFileReference; lastKnownFileType = sourcecode.swift; path = ViewController.swift; sourceTree = "<group>"; };
		40C986551EA5AF36003D2D73 /* Base */ = {isa = PBXFileReference; lastKnownFileType = file.storyboard; name = Base; path = Base.lproj/Main.storyboard; sourceTree = "<group>"; };
		40C986571EA5AF36003D2D73 /* Assets.xcassets */ = {isa = PBXFileReference; lastKnownFileType = folder.assetcatalog; path = Assets.xcassets; sourceTree = "<group>"; };
		40C9865C1EA5AF36003D2D73 /* Info.plist */ = {isa = PBXFileReference; lastKnownFileType = text.plist.xml; path = Info.plist; sourceTree = "<group>"; };
		5BB947541F64D8B300EF5482 /* HabitManager-Bridging-Header.h */ = {isa = PBXFileReference; lastKnownFileType = sourcecode.c.h; path = "HabitManager-Bridging-Header.h"; sourceTree = "<group>"; };
		5BB947551F64D8B300EF5482 /* CLibrary.cpp */ = {isa = PBXFileReference; fileEncoding = 4; lastKnownFileType = sourcecode.cpp.cpp; path = CLibrary.cpp; sourceTree = "<group>"; };
		5BB947561F64D8B300EF5482 /* CLibrary.hpp */ = {isa = PBXFileReference; fileEncoding = 4; lastKnownFileType = sourcecode.cpp.h; path = CLibrary.hpp; sourceTree = "<group>"; };
/* End PBXFileReference section */

/* Begin PBXFrameworksBuildPhase section */
		0570C6531ED66BEA0034019C /* Frameworks */ = {
			isa = PBXFrameworksBuildPhase;
			buildActionMask = 2147483647;
			files = (
			);
			runOnlyForDeploymentPostprocessing = 0;
		};
		40C9864A1EA5AF36003D2D73 /* Frameworks */ = {
			isa = PBXFrameworksBuildPhase;
			buildActionMask = 2147483647;
			files = (
			);
			runOnlyForDeploymentPostprocessing = 0;
		};
/* End PBXFrameworksBuildPhase section */

/* Begin PBXGroup section */
		0570C6571ED66BEA0034019C /* HabitManagerTests */ = {
			isa = PBXGroup;
			children = (
				0570C6641ED694590034019C /* AddHabitVCTests.swift */,
				0570C6581ED66BEA0034019C /* HabitManagerTests.swift */,
				0570C65A1ED66BEA0034019C /* Info.plist */,
			);
			path = HabitManagerTests;
			sourceTree = "<group>";
		};
		40C986441EA5AF36003D2D73 = {
			isa = PBXGroup;
			children = (
				40C9864F1EA5AF36003D2D73 /* HabitManager */,
				0570C6571ED66BEA0034019C /* HabitManagerTests */,
				40C9864E1EA5AF36003D2D73 /* Products */,
			);
			sourceTree = "<group>";
		};
		40C9864E1EA5AF36003D2D73 /* Products */ = {
			isa = PBXGroup;
			children = (
				40C9864D1EA5AF36003D2D73 /* HabitManager.app */,
				0570C6561ED66BEA0034019C /* HabitManagerTests.xctest */,
			);
			name = Products;
			sourceTree = "<group>";
		};
		40C9864F1EA5AF36003D2D73 /* HabitManager */ = {
			isa = PBXGroup;
			children = (
				40C986501EA5AF36003D2D73 /* AppDelegate.swift */,
				40C986521EA5AF36003D2D73 /* ViewController.swift */,
				40C986541EA5AF36003D2D73 /* Main.storyboard */,
				5BB947551F64D8B300EF5482 /* CLibrary.cpp */,
				5BB947561F64D8B300EF5482 /* CLibrary.hpp */,
				401BE9DC1EA5CF9D00831D67 /* AddHabitVC.swift */,
				40232D911EAB0CB9004E0478 /* CustomCell.swift */,
				40C986571EA5AF36003D2D73 /* Assets.xcassets */,
				402401171ED865010065960F /* Launch Screen.storyboard */,
				40C9865C1EA5AF36003D2D73 /* Info.plist */,
				5BB947541F64D8B300EF5482 /* HabitManager-Bridging-Header.h */,
			);
			path = HabitManager;
			sourceTree = "<group>";
		};
/* End PBXGroup section */

/* Begin PBXNativeTarget section */
		0570C6551ED66BEA0034019C /* HabitManagerTests */ = {
			isa = PBXNativeTarget;
			buildConfigurationList = 0570C65F1ED66BEA0034019C /* Build configuration list for PBXNativeTarget "HabitManagerTests" */;
			buildPhases = (
				0570C6521ED66BEA0034019C /* Sources */,
				0570C6531ED66BEA0034019C /* Frameworks */,
				0570C6541ED66BEA0034019C /* Resources */,
			);
			buildRules = (
			);
			dependencies = (
				0570C65C1ED66BEA0034019C /* PBXTargetDependency */,
			);
			name = HabitManagerTests;
			productName = HabitManagerTests;
			productReference = 0570C6561ED66BEA0034019C /* HabitManagerTests.xctest */;
			productType = "com.apple.product-type.bundle.unit-test";
		};
		40C9864C1EA5AF36003D2D73 /* HabitManager */ = {
			isa = PBXNativeTarget;
			buildConfigurationList = 40C9865F1EA5AF36003D2D73 /* Build configuration list for PBXNativeTarget "HabitManager" */;
			buildPhases = (
				40C986491EA5AF36003D2D73 /* Sources */,
				40C9864A1EA5AF36003D2D73 /* Frameworks */,
				40C9864B1EA5AF36003D2D73 /* Resources */,
			);
			buildRules = (
			);
			dependencies = (
			);
			name = HabitManager;
			productName = HabitManager;
			productReference = 40C9864D1EA5AF36003D2D73 /* HabitManager.app */;
			productType = "com.apple.product-type.application";
		};
/* End PBXNativeTarget section */

/* Begin PBXProject section */
		40C986451EA5AF36003D2D73 /* Project object */ = {
			isa = PBXProject;
			attributes = {
				LastSwiftUpdateCheck = 0820;
				LastUpgradeCheck = 0900;
				ORGANIZATIONNAME = "Percy Hu";
				TargetAttributes = {
					0570C6551ED66BEA0034019C = {
						CreatedOnToolsVersion = 8.2.1;
						ProvisioningStyle = Automatic;
						TestTargetID = 40C9864C1EA5AF36003D2D73;
					};
					40C9864C1EA5AF36003D2D73 = {
						CreatedOnToolsVersion = 8.3.1;
						DevelopmentTeam = H87GZLP42E;
						LastSwiftMigration = 0900;
						ProvisioningStyle = Automatic;
					};
				};
			};
			buildConfigurationList = 40C986481EA5AF36003D2D73 /* Build configuration list for PBXProject "HabitManager" */;
			compatibilityVersion = "Xcode 3.2";
			developmentRegion = English;
			hasScannedForEncodings = 0;
			knownRegions = (
				en,
				Base,
			);
			mainGroup = 40C986441EA5AF36003D2D73;
			productRefGroup = 40C9864E1EA5AF36003D2D73 /* Products */;
			projectDirPath = "";
			projectRoot = "";
			targets = (
				40C9864C1EA5AF36003D2D73 /* HabitManager */,
				0570C6551ED66BEA0034019C /* HabitManagerTests */,
			);
		};
/* End PBXProject section */

/* Begin PBXResourcesBuildPhase section */
		0570C6541ED66BEA0034019C /* Resources */ = {
			isa = PBXResourcesBuildPhase;
			buildActionMask = 2147483647;
			files = (
			);
			runOnlyForDeploymentPostprocessing = 0;
		};
		40C9864B1EA5AF36003D2D73 /* Resources */ = {
			isa = PBXResourcesBuildPhase;
			buildActionMask = 2147483647;
			files = (
				402401181ED865010065960F /* Launch Screen.storyboard in Resources */,
				40C986581EA5AF36003D2D73 /* Assets.xcassets in Resources */,
				40C986561EA5AF36003D2D73 /* Main.storyboard in Resources */,
			);
			runOnlyForDeploymentPostprocessing = 0;
		};
/* End PBXResourcesBuildPhase section */

/* Begin PBXSourcesBuildPhase section */
		0570C6521ED66BEA0034019C /* Sources */ = {
			isa = PBXSourcesBuildPhase;
			buildActionMask = 2147483647;
			files = (
				0570C6591ED66BEA0034019C /* HabitManagerTests.swift in Sources */,
				0570C6651ED694590034019C /* AddHabitVCTests.swift in Sources */,
			);
			runOnlyForDeploymentPostprocessing = 0;
		};
		40C986491EA5AF36003D2D73 /* Sources */ = {
			isa = PBXSourcesBuildPhase;
			buildActionMask = 2147483647;
			files = (
				401BE9DD1EA5CF9D00831D67 /* AddHabitVC.swift in Sources */,
				40C986531EA5AF36003D2D73 /* ViewController.swift in Sources */,
				5BB947571F64D8B300EF5482 /* CLibrary.cpp in Sources */,
				40232D921EAB0CB9004E0478 /* CustomCell.swift in Sources */,
				40C986511EA5AF36003D2D73 /* AppDelegate.swift in Sources */,
			);
			runOnlyForDeploymentPostprocessing = 0;
		};
/* End PBXSourcesBuildPhase section */

/* Begin PBXTargetDependency section */
		0570C65C1ED66BEA0034019C /* PBXTargetDependency */ = {
			isa = PBXTargetDependency;
			target = 40C9864C1EA5AF36003D2D73 /* HabitManager */;
			targetProxy = 0570C65B1ED66BEA0034019C /* PBXContainerItemProxy */;
		};
/* End PBXTargetDependency section */

/* Begin PBXVariantGroup section */
		40C986541EA5AF36003D2D73 /* Main.storyboard */ = {
			isa = PBXVariantGroup;
			children = (
				40C986551EA5AF36003D2D73 /* Base */,
			);
			name = Main.storyboard;
			sourceTree = "<group>";
		};
/* End PBXVariantGroup section */

/* Begin XCBuildConfiguration section */
		0570C65D1ED66BEA0034019C /* Debug */ = {
			isa = XCBuildConfiguration;
			buildSettings = {
				BUNDLE_LOADER = "$(TEST_HOST)";
				INFOPLIST_FILE = HabitManagerTests/Info.plist;
				IPHONEOS_DEPLOYMENT_TARGET = 10.2;
				LD_RUNPATH_SEARCH_PATHS = "$(inherited) @executable_path/Frameworks @loader_path/Frameworks";
				PRODUCT_BUNDLE_IDENTIFIER = Alexis.HabitManagerTests;
				PRODUCT_NAME = "$(TARGET_NAME)";
				SWIFT_VERSION = 3.0;
				TEST_HOST = "$(BUILT_PRODUCTS_DIR)/HabitManager.app/HabitManager";
			};
			name = Debug;
		};
		0570C65E1ED66BEA0034019C /* Release */ = {
			isa = XCBuildConfiguration;
			buildSettings = {
				BUNDLE_LOADER = "$(TEST_HOST)";
				INFOPLIST_FILE = HabitManagerTests/Info.plist;
				IPHONEOS_DEPLOYMENT_TARGET = 10.2;
				LD_RUNPATH_SEARCH_PATHS = "$(inherited) @executable_path/Frameworks @loader_path/Frameworks";
				PRODUCT_BUNDLE_IDENTIFIER = Alexis.HabitManagerTests;
				PRODUCT_NAME = "$(TARGET_NAME)";
				SWIFT_VERSION = 3.0;
				TEST_HOST = "$(BUILT_PRODUCTS_DIR)/HabitManager.app/HabitManager";
			};
			name = Release;
		};
		40C9865D1EA5AF36003D2D73 /* Debug */ = {
			isa = XCBuildConfiguration;
			buildSettings = {
				ALWAYS_SEARCH_USER_PATHS = NO;
				CLANG_ANALYZER_NONNULL = YES;
				CLANG_ANALYZER_NUMBER_OBJECT_CONVERSION = YES_AGGRESSIVE;
				CLANG_CXX_LANGUAGE_STANDARD = "gnu++0x";
				CLANG_CXX_LIBRARY = "libc++";
				CLANG_ENABLE_MODULES = YES;
				CLANG_ENABLE_OBJC_ARC = YES;
				CLANG_WARN_BLOCK_CAPTURE_AUTORELEASING = YES;
				CLANG_WARN_BOOL_CONVERSION = YES;
				CLANG_WARN_COMMA = YES;
				CLANG_WARN_CONSTANT_CONVERSION = YES;
				CLANG_WARN_DIRECT_OBJC_ISA_USAGE = YES_ERROR;
				CLANG_WARN_DOCUMENTATION_COMMENTS = YES;
				CLANG_WARN_EMPTY_BODY = YES;
				CLANG_WARN_ENUM_CONVERSION = YES;
				CLANG_WARN_INFINITE_RECURSION = YES;
				CLANG_WARN_INT_CONVERSION = YES;
				CLANG_WARN_NON_LITERAL_NULL_CONVERSION = YES;
				CLANG_WARN_OBJC_LITERAL_CONVERSION = YES;
				CLANG_WARN_OBJC_ROOT_CLASS = YES_ERROR;
				CLANG_WARN_RANGE_LOOP_ANALYSIS = YES;
				CLANG_WARN_STRICT_PROTOTYPES = YES;
				CLANG_WARN_SUSPICIOUS_MOVE = YES;
				CLANG_WARN_UNREACHABLE_CODE = YES;
				CLANG_WARN__DUPLICATE_METHOD_MATCH = YES;
				"CODE_SIGN_IDENTITY[sdk=iphoneos*]" = "iPhone Developer";
				COPY_PHASE_STRIP = NO;
				DEBUG_INFORMATION_FORMAT = dwarf;
				ENABLE_STRICT_OBJC_MSGSEND = YES;
				ENABLE_TESTABILITY = YES;
				GCC_C_LANGUAGE_STANDARD = gnu99;
				GCC_DYNAMIC_NO_PIC = NO;
				GCC_NO_COMMON_BLOCKS = YES;
				GCC_OPTIMIZATION_LEVEL = 0;
				GCC_PREPROCESSOR_DEFINITIONS = (
					"DEBUG=1",
					"$(inherited)",
				);
				GCC_WARN_64_TO_32_BIT_CONVERSION = YES;
				GCC_WARN_ABOUT_RETURN_TYPE = YES_ERROR;
				GCC_WARN_UNDECLARED_SELECTOR = YES;
				GCC_WARN_UNINITIALIZED_AUTOS = YES_AGGRESSIVE;
				GCC_WARN_UNUSED_FUNCTION = YES;
				GCC_WARN_UNUSED_VARIABLE = YES;
				IPHONEOS_DEPLOYMENT_TARGET = 10.0;
				MTL_ENABLE_DEBUG_INFO = YES;
				ONLY_ACTIVE_ARCH = YES;
				SDKROOT = iphoneos;
				SWIFT_ACTIVE_COMPILATION_CONDITIONS = DEBUG;
				SWIFT_OPTIMIZATION_LEVEL = "-Onone";
				SWIFT_SWIFT3_OBJC_INFERENCE = Off;
			};
			name = Debug;
		};
		40C9865E1EA5AF36003D2D73 /* Release */ = {
			isa = XCBuildConfiguration;
			buildSettings = {
				ALWAYS_SEARCH_USER_PATHS = NO;
				CLANG_ANALYZER_NONNULL = YES;
				CLANG_ANALYZER_NUMBER_OBJECT_CONVERSION = YES_AGGRESSIVE;
				CLANG_CXX_LANGUAGE_STANDARD = "gnu++0x";
				CLANG_CXX_LIBRARY = "libc++";
				CLANG_ENABLE_MODULES = YES;
				CLANG_ENABLE_OBJC_ARC = YES;
				CLANG_WARN_BLOCK_CAPTURE_AUTORELEASING = YES;
				CLANG_WARN_BOOL_CONVERSION = YES;
				CLANG_WARN_COMMA = YES;
				CLANG_WARN_CONSTANT_CONVERSION = YES;
				CLANG_WARN_DIRECT_OBJC_ISA_USAGE = YES_ERROR;
				CLANG_WARN_DOCUMENTATION_COMMENTS = YES;
				CLANG_WARN_EMPTY_BODY = YES;
				CLANG_WARN_ENUM_CONVERSION = YES;
				CLANG_WARN_INFINITE_RECURSION = YES;
				CLANG_WARN_INT_CONVERSION = YES;
				CLANG_WARN_NON_LITERAL_NULL_CONVERSION = YES;
				CLANG_WARN_OBJC_LITERAL_CONVERSION = YES;
				CLANG_WARN_OBJC_ROOT_CLASS = YES_ERROR;
				CLANG_WARN_RANGE_LOOP_ANALYSIS = YES;
				CLANG_WARN_STRICT_PROTOTYPES = YES;
				CLANG_WARN_SUSPICIOUS_MOVE = YES;
				CLANG_WARN_UNREACHABLE_CODE = YES;
				CLANG_WARN__DUPLICATE_METHOD_MATCH = YES;
				"CODE_SIGN_IDENTITY[sdk=iphoneos*]" = "iPhone Developer";
				COPY_PHASE_STRIP = NO;
				DEBUG_INFORMATION_FORMAT = "dwarf-with-dsym";
				ENABLE_NS_ASSERTIONS = NO;
				ENABLE_STRICT_OBJC_MSGSEND = YES;
				GCC_C_LANGUAGE_STANDARD = gnu99;
				GCC_NO_COMMON_BLOCKS = YES;
				GCC_WARN_64_TO_32_BIT_CONVERSION = YES;
				GCC_WARN_ABOUT_RETURN_TYPE = YES_ERROR;
				GCC_WARN_UNDECLARED_SELECTOR = YES;
				GCC_WARN_UNINITIALIZED_AUTOS = YES_AGGRESSIVE;
				GCC_WARN_UNUSED_FUNCTION = YES;
				GCC_WARN_UNUSED_VARIABLE = YES;
				IPHONEOS_DEPLOYMENT_TARGET = 10.0;
				MTL_ENABLE_DEBUG_INFO = NO;
				SDKROOT = iphoneos;
				SWIFT_OPTIMIZATION_LEVEL = "-Owholemodule";
				SWIFT_SWIFT3_OBJC_INFERENCE = Off;
				VALIDATE_PRODUCT = YES;
			};
			name = Release;
		};
		40C986601EA5AF36003D2D73 /* Debug */ = {
			isa = XCBuildConfiguration;
			buildSettings = {
				ASSETCATALOG_COMPILER_APPICON_NAME = AppIcon;
				CLANG_ENABLE_MODULES = YES;
				DEVELOPMENT_TEAM = H87GZLP42E;
				INFOPLIST_FILE = HabitManager/Info.plist;
				IPHONEOS_DEPLOYMENT_TARGET = 10.0;
				LD_RUNPATH_SEARCH_PATHS = "$(inherited) @executable_path/Frameworks";
				PRODUCT_BUNDLE_IDENTIFIER = com.powerofpercy.HabitManager;
				PRODUCT_NAME = "$(TARGET_NAME)";
				SWIFT_OBJC_BRIDGING_HEADER = "HabitManager/HabitManager-Bridging-Header.h";
				SWIFT_OPTIMIZATION_LEVEL = "-Onone";

				SWIFT_VERSION = 3.0;
				TARGETED_DEVICE_FAMILY = 1;
			};
			name = Debug;
		};
		40C986611EA5AF36003D2D73 /* Release */ = {
			isa = XCBuildConfiguration;
			buildSettings = {
				ASSETCATALOG_COMPILER_APPICON_NAME = AppIcon;
				CLANG_ENABLE_MODULES = YES;
				DEVELOPMENT_TEAM = H87GZLP42E;
				INFOPLIST_FILE = HabitManager/Info.plist;
				IPHONEOS_DEPLOYMENT_TARGET = 10.0;
				LD_RUNPATH_SEARCH_PATHS = "$(inherited) @executable_path/Frameworks";
				PRODUCT_BUNDLE_IDENTIFIER = com.powerofpercy.HabitManager;
				PRODUCT_NAME = "$(TARGET_NAME)";
				SWIFT_OBJC_BRIDGING_HEADER = "HabitManager/HabitManager-Bridging-Header.h";

				SWIFT_VERSION = 3.0;
				TARGETED_DEVICE_FAMILY = 1;
			};
			name = Release;
		};
/* End XCBuildConfiguration section */

/* Begin XCConfigurationList section */
		0570C65F1ED66BEA0034019C /* Build configuration list for PBXNativeTarget "HabitManagerTests" */ = {
			isa = XCConfigurationList;
			buildConfigurations = (
				0570C65D1ED66BEA0034019C /* Debug */,
				0570C65E1ED66BEA0034019C /* Release */,
			);
			defaultConfigurationIsVisible = 0;
			defaultConfigurationName = Release;
		};
		40C986481EA5AF36003D2D73 /* Build configuration list for PBXProject "HabitManager" */ = {
			isa = XCConfigurationList;
			buildConfigurations = (
				40C9865D1EA5AF36003D2D73 /* Debug */,
				40C9865E1EA5AF36003D2D73 /* Release */,
			);
			defaultConfigurationIsVisible = 0;
			defaultConfigurationName = Release;
		};
		40C9865F1EA5AF36003D2D73 /* Build configuration list for PBXNativeTarget "HabitManager" */ = {
			isa = XCConfigurationList;
			buildConfigurations = (
				40C986601EA5AF36003D2D73 /* Debug */,
				40C986611EA5AF36003D2D73 /* Release */,
			);
			defaultConfigurationIsVisible = 0;
			defaultConfigurationName = Release;
		};
/* End XCConfigurationList section */
	};
	rootObject = 40C986451EA5AF36003D2D73 /* Project object */;
}
